
Microsoft Visual Studio Solution File, Format Version 12.00
# Visual Studio 15
VisualStudioVersion = 15.0.28010.2016
MinimumVisualStudioVersion = 10.0.40219.1
Project("{FAE04EC0-301F-11D3-BF4B-00C04F79EFBC}") = "Burton44Capstone", "Burton44Capstone\Burton44Capstone.csproj", "{27F8D810-4323-45A3-89A0-BD9E7132AE28}"
EndProject
Global
	GlobalSection(SolutionConfigurationPlatforms) = preSolution
		Debug|Any CPU = Debug|Any CPU
		Release|Any CPU = Release|Any CPU
	EndGlobalSection
	GlobalSection(ProjectConfigurationPlatforms) = postSolution
		{27F8D810-4323-45A3-89A0-BD9E7132AE28}.Debug|Any CPU.ActiveCfg = Debug|Any CPU
		{27F8D810-4323-45A3-89A0-BD9E7132AE28}.Debug|Any CPU.Build.0 = Debug|Any CPU
		{27F8D810-4323-45A3-89A0-BD9E7132AE28}.Release|Any CPU.ActiveCfg = Release|Any CPU
		{27F8D810-4323-45A3-89A0-BD9E7132AE28}.Release|Any CPU.Build.0 = Release|Any CPU
	EndGlobalSection
	GlobalSection(SolutionProperties) = preSolution
		HideSolutionNode = FALSE
	EndGlobalSection
	GlobalSection(ExtensibilityGlobals) = postSolution
		SolutionGuid = {BC5A2C11-04BD-47C6-8E1F-5D3CCB6937D6}
	EndGlobalSection
EndGlobal
